
Microsoft Visual Studio Solution File, Format Version 11.00
# Visual Studio 2010
Project("{8BC9CEB8-8B4A-11D0-8D11-00A0C91BC942}") = "MyDump", "MyDump\MyDump.vcxproj", "{81D2E9DA-0AAA-4F2E-BB3E-BAE0E2FC0CBD}"
EndProject
Global
	GlobalSection(SolutionConfigurationPlatforms) = preSolution
		Debug|Win32 = Debug|Win32
		Release|Win32 = Release|Win32
	EndGlobalSection
	GlobalSection(ProjectConfigurationPlatforms) = postSolution
		{81D2E9DA-0AAA-4F2E-BB3E-BAE0E2FC0CBD}.Debug|Win32.ActiveCfg = Debug|Win32
		{81D2E9DA-0AAA-4F2E-BB3E-BAE0E2FC0CBD}.Debug|Win32.Build.0 = Debug|Win32
		{81D2E9DA-0AAA-4F2E-BB3E-BAE0E2FC0CBD}.Release|Win32.ActiveCfg = Release|Win32
		{81D2E9DA-0AAA-4F2E-BB3E-BAE0E2FC0CBD}.Release|Win32.Build.0 = Release|Win32
	EndGlobalSection
	GlobalSection(SolutionProperties) = preSolution
		HideSolutionNode = FALSE
	EndGlobalSection
EndGlobal
